
Microsoft Visual Studio Solution File, Format Version 12.00
# Visual Studio 14
VisualStudioVersion = 14.0.25420.1
MinimumVisualStudioVersion = 10.0.40219.1
Project("{FAE04EC0-301F-11D3-BF4B-00C04F79EFBC}") = "Entidades", "Entidades\Entidades.csproj", "{125A8F18-2A7E-49D9-A689-BA4871B93FEF}"
EndProject
Project("{FAE04EC0-301F-11D3-BF4B-00C04F79EFBC}") = "DAL", "DAL\DAL.csproj", "{157AB9AF-4EF1-4971-8005-A07E1C197E44}"
EndProject
Project("{FAE04EC0-301F-11D3-BF4B-00C04F79EFBC}") = "Modelo", "Modelo\Modelo.csproj", "{89DC3CC4-F4A8-4928-A9BF-459BA4C13A2A}"
EndProject
Project("{FAE04EC0-301F-11D3-BF4B-00C04F79EFBC}") = "MVC", "MVC\MVC.csproj", "{64C80B1A-8823-4EE9-9D76-2E2B3F5E3507}"
EndProject
Project("{2150E333-8FDC-42A3-9474-1A3956D46DE8}") = "Iconos", "Iconos", "{07517FC6-7D53-4D81-8808-9D2FD1B958D8}"
	ProjectSection(SolutionItems) = preProject
		Iconos\icons8-aduana-50.png = Iconos\icons8-aduana-50.png
		Iconos\icons8-aduana-filled-50.png = Iconos\icons8-aduana-filled-50.png
		Iconos\icons8-cliente-de-empresa-50.png = Iconos\icons8-cliente-de-empresa-50.png
		Iconos\icons8-cliente-de-empresa-filled-50.png = Iconos\icons8-cliente-de-empresa-filled-50.png
		Iconos\icons8-configuraciones-96.png = Iconos\icons8-configuraciones-96.png
		Iconos\icons8-direccion-50.png = Iconos\icons8-direccion-50.png
		Iconos\icons8-direccion-filled-50.png = Iconos\icons8-direccion-filled-50.png
		Iconos\icons8-empleados-64.png = Iconos\icons8-empleados-64.png
		Iconos\icons8-pedido-50.png = Iconos\icons8-pedido-50.png
		Iconos\icons8-servicios-64.png = Iconos\icons8-servicios-64.png
		Iconos\icons8-servicios-80.png = Iconos\icons8-servicios-80.png
		Iconos\icons8-ubicacion-50.png = Iconos\icons8-ubicacion-50.png
		Iconos\icons8-ubicacion-filled-50.png = Iconos\icons8-ubicacion-filled-50.png
	EndProjectSection
EndProject
Global
	GlobalSection(SolutionConfigurationPlatforms) = preSolution
		Debug|Any CPU = Debug|Any CPU
		Release|Any CPU = Release|Any CPU
	EndGlobalSection
	GlobalSection(ProjectConfigurationPlatforms) = postSolution
		{125A8F18-2A7E-49D9-A689-BA4871B93FEF}.Debug|Any CPU.ActiveCfg = Debug|Any CPU
		{125A8F18-2A7E-49D9-A689-BA4871B93FEF}.Debug|Any CPU.Build.0 = Debug|Any CPU
		{125A8F18-2A7E-49D9-A689-BA4871B93FEF}.Release|Any CPU.ActiveCfg = Release|Any CPU
		{125A8F18-2A7E-49D9-A689-BA4871B93FEF}.Release|Any CPU.Build.0 = Release|Any CPU
		{157AB9AF-4EF1-4971-8005-A07E1C197E44}.Debug|Any CPU.ActiveCfg = Debug|Any CPU
		{157AB9AF-4EF1-4971-8005-A07E1C197E44}.Debug|Any CPU.Build.0 = Debug|Any CPU
		{157AB9AF-4EF1-4971-8005-A07E1C197E44}.Release|Any CPU.ActiveCfg = Release|Any CPU
		{157AB9AF-4EF1-4971-8005-A07E1C197E44}.Release|Any CPU.Build.0 = Release|Any CPU
		{89DC3CC4-F4A8-4928-A9BF-459BA4C13A2A}.Debug|Any CPU.ActiveCfg = Debug|Any CPU
		{89DC3CC4-F4A8-4928-A9BF-459BA4C13A2A}.Debug|Any CPU.Build.0 = Debug|Any CPU
		{89DC3CC4-F4A8-4928-A9BF-459BA4C13A2A}.Release|Any CPU.ActiveCfg = Release|Any CPU
		{89DC3CC4-F4A8-4928-A9BF-459BA4C13A2A}.Release|Any CPU.Build.0 = Release|Any CPU
		{64C80B1A-8823-4EE9-9D76-2E2B3F5E3507}.Debug|Any CPU.ActiveCfg = Debug|Any CPU
		{64C80B1A-8823-4EE9-9D76-2E2B3F5E3507}.Debug|Any CPU.Build.0 = Debug|Any CPU
		{64C80B1A-8823-4EE9-9D76-2E2B3F5E3507}.Release|Any CPU.ActiveCfg = Release|Any CPU
		{64C80B1A-8823-4EE9-9D76-2E2B3F5E3507}.Release|Any CPU.Build.0 = Release|Any CPU
	EndGlobalSection
	GlobalSection(SolutionProperties) = preSolution
		HideSolutionNode = FALSE
	EndGlobalSection
EndGlobal
